{
    "_meta": {
        "hash": {
            "sha256": "51da34d41bea63953afde154b5a33af5659b63098a091ddc4e7e97e3f760262b"
        },
        "pipfile-spec": 6,
        "requires": {
            "python_version": "3.9"
        },
        "sources": [
            {
                "name": "pypi",
                "url": "https://pypi.org/simple",
                "verify_ssl": true
            }
        ]
    },
    "default": {
        "asgiref": {
            "hashes": [
                "sha256:3e1e3ecc849832fe52ccf2cb6686b7a55f82bb1d6aee72a58826471390335e47",
                "sha256:c343bd80a0bec947a9860adb4c432ffa7db769836c64238fc34bdc3fec84d590"
            ],
            "markers": "python_version >= '3.8'",
            "version": "==3.8.1"
        },
        "django": {
            "hashes": [
                "sha256:1d658c7bf5d31c7d0cac1cab58bc1f822df89255080fec81909256c30e6180b3",
                "sha256:b54ac28d6aa964fc7c2f7335138a54d78980232011e0cd2231d04eed393dcb0d"
            ],
            "index": "pypi",
            "markers": "python_version >= '3.8'",
            "version": "==4.2.21"
        },
        "django-debug-toolbar": {
            "hashes": [
                "sha256:a0b532ef5d52544fd745d1dcfc0557fa75f6f0d1962a8298bd568427ef2fa436",
                "sha256:f57882e335593cb8e74c2bda9f1116bbb9ca8fc0d81b50a75ace0f83de5173c7"
            ],
            "index": "pypi",
            "version": "==4.1.0"
        },
        "django-filter": {
            "hashes": [
                "sha256:1ec9eef48fa8da1c0ac9b411744b16c3f4c31176c867886e4c48da369c407153",
                "sha256:4fa48677cf5857b9b1347fed23e355ea792464e0fe07244d1fdfb8a806215b80"
            ],
            "index": "pypi",
            "markers": "python_version >= '3.9'",
            "version": "==25.1"
        },
        "djangorestframework": {
            "hashes": [
                "sha256:bea7e9f6b96a8584c5224bfb2e4348dfb3f8b5e34edbecb98da258e892089361",
                "sha256:f022ff46613584de994c0c6a4aebbace5fd700555fbe9d33b865ebf173eba6c9"
            ],
            "index": "pypi",
            "markers": "python_version >= '3.9'",
            "version": "==3.16.0"
        },
        "drf-nested-routers": {
            "hashes": [
                "sha256:74dbdceeae2a32f8668ba0df8e3eeabeb9b1c64d2621d914901ae653e4e3bcff",
                "sha256:aa70923b716dc47cd93b8129b06be6c15706b405cf5f718f59cb8eed01de59cc"
            ],
            "index": "pypi",
            "markers": "python_version >= '3.8'",
            "version": "==0.94.2"
        },
        "factory-boy": {
            "hashes": [
                "sha256:a2cdbdb63228177aa4f1c52f4b6d83fab2b8623bf602c7dedd7eb83c0f69c04c",
                "sha256:bc76d97d1a65bbd9842a6d722882098eb549ec8ee1081f9fb2e8ff29f0c300f1"
            ],
            "index": "pypi",
            "version": "==3.3.0"
        },
        "faker": {
            "hashes": [
                "sha256:4b7d5cd0c898f0b64f88fbf0a35aac66762f2273446ba4a4e459985a2e5c8f8c",
                "sha256:d1eb772faf4a7c458c90b19d3626c40ae3460bd665ad7f5fb7b089e31d1a6dcf"
            ],
            "index": "pypi",
            "version": "==19.1.0"
        },
        "mysqlclient": {
            "hashes": [
                "sha256:004fe1d30d2c2ff8072f8ea513bcec235fd9b896f70dad369461d0ad7e570e98",
                "sha256:04368445f9c487d8abb7a878e3d23e923e6072c04a6c320f9e0dc8a82efba14e",
                "sha256:530ece9995a36cadb6211b9787f0c9e05cdab6702549bdb4236af5e9b535ed6a",
                "sha256:5670679ff1be1cc3fef0fa81bf39f0cd70605ba121141050f02743eb878ac114",
                "sha256:68837b6bb23170acffb43ae411e47533a560b6360c06dac39aa55700972c93b2",
                "sha256:955dba905a7443ce4788c63fdb9f8d688316260cf60b20ff51ac3b1c77616ede",
                "sha256:9c6b142836c7dba4f723bf9c93cc46b6e5081d65b2af807f400dda9eb85a16d0"
            ],
            "index": "pypi",
            "version": "==2.2.0"
        },
        "sqlparse": {
            "hashes": [
                "sha256:09f67787f56a0b16ecdbde1bfc7f5d9c3371ca683cfeaa8e6ff60b4807ec9272",
                "sha256:cf2196ed3418f3ba5de6af7e82c694a9fbdbfecccdfc72e281548517081f16ca"
            ],
            "markers": "python_version >= '3.8'",
            "version": "==0.5.3"
        },
        "typing-extensions": {
            "hashes": [
                "sha256:a439e7c04b49fec3e5d3e2beaa21755cadbbdc391694e28ccdd36ca4a1408f8c",
                "sha256:e6c81219bd689f51865d9e372991c540bda33a0379d5573cddb9a3a23f7caaef"
            ],
            "markers": "python_version >= '3.8'",
            "version": "==4.13.2"
        },
        "tzdata": {
            "hashes": [
                "sha256:1a403fada01ff9221ca8044d701868fa132215d84beb92242d9acd2147f667a8",
                "sha256:b60a638fcc0daffadf82fe0f57e53d06bdec2f36c4df66280ae79bce6bd6f2b9"
            ],
            "markers": "python_version >= '2'",
            "version": "==2025.2"
        }
    },
    "develop": {}
}
